
Microsoft Visual Studio Solution File, Format Version 12.00
# Visual Studio Version 16
VisualStudioVersion = 16.0.31019.35
MinimumVisualStudioVersion = 10.0.40219.1
Project("{9A19103F-16F7-4668-BE54-9A1E7A4F7556}") = "ThingsBoardNetCore", "ThingsBoardNetCore\ThingsBoardNetCore.csproj", "{4D90119B-0A17-4464-B60F-B041B5904679}"
EndProject
Project("{11A8DD76-328B-46DF-9F39-F559912D0360}") = "ThingsBoardNanoFramework", "ThingsBoardNanoFramework\ThingsBoardNanoFramework.nfproj", "{D6CCD826-BC1D-4415-9DAB-EF7EBC923A30}"
EndProject
Project("{9A19103F-16F7-4668-BE54-9A1E7A4F7556}") = "SamplesNetCore", "SamplesNetCore\SamplesNetCore.csproj", "{BAE1EB18-4A98-463E-8D30-F6743ED290F0}"
EndProject
Project("{11A8DD76-328B-46DF-9F39-F559912D0360}") = "SamplesNanoFramework", "SamplesNanoFramework\SamplesNanoFramework.nfproj", "{1EC2CAB4-4F43-4DCA-9D10-401283202935}"
EndProject
Project("{D954291E-2A0B-460D-934E-DC6B0785DB48}") = "Json.NetMF", "Json.NetMF\Json.NetMF.shproj", "{1AF071D5-FEE9-40DD-B8D5-0B85D5FAE1C6}"
EndProject
Project("{D954291E-2A0B-460D-934E-DC6B0785DB48}") = "ThingsBoardDotNet", "ThingsBoardDotNet\ThingsBoardDotNet.shproj", "{5F28E54C-1ADE-482E-9305-4D7C911B0CB2}"
EndProject
Project("{2150E333-8FDC-42A3-9474-1A3956D46DE8}") = "Solution Items", "Solution Items", "{440EE80B-5BE7-4534-B65B-C9D6E87C96D7}"
	ProjectSection(SolutionItems) = preProject
		README.md = README.md
	EndProjectSection
EndProject
Global
	GlobalSection(SharedMSBuildProjectFiles) = preSolution
		Json.NetMF\Json.NetMF.projitems*{1af071d5-fee9-40dd-b8d5-0b85d5fae1c6}*SharedItemsImports = 13
		Json.NetMF\Json.NetMF.projitems*{4d90119b-0a17-4464-b60f-b041b5904679}*SharedItemsImports = 5
		ThingsBoardDotNet\ThingsBoardDotNet.projitems*{4d90119b-0a17-4464-b60f-b041b5904679}*SharedItemsImports = 5
		ThingsBoardDotNet\ThingsBoardDotNet.projitems*{5f28e54c-1ade-482e-9305-4d7c911b0cb2}*SharedItemsImports = 13
	EndGlobalSection
	GlobalSection(SolutionConfigurationPlatforms) = preSolution
		Debug|Any CPU = Debug|Any CPU
		Release|Any CPU = Release|Any CPU
	EndGlobalSection
	GlobalSection(ProjectConfigurationPlatforms) = postSolution
		{4D90119B-0A17-4464-B60F-B041B5904679}.Debug|Any CPU.ActiveCfg = Debug|Any CPU
		{4D90119B-0A17-4464-B60F-B041B5904679}.Debug|Any CPU.Build.0 = Debug|Any CPU
		{4D90119B-0A17-4464-B60F-B041B5904679}.Release|Any CPU.ActiveCfg = Release|Any CPU
		{4D90119B-0A17-4464-B60F-B041B5904679}.Release|Any CPU.Build.0 = Release|Any CPU
		{D6CCD826-BC1D-4415-9DAB-EF7EBC923A30}.Debug|Any CPU.ActiveCfg = Debug|Any CPU
		{D6CCD826-BC1D-4415-9DAB-EF7EBC923A30}.Debug|Any CPU.Build.0 = Debug|Any CPU
		{D6CCD826-BC1D-4415-9DAB-EF7EBC923A30}.Debug|Any CPU.Deploy.0 = Debug|Any CPU
		{D6CCD826-BC1D-4415-9DAB-EF7EBC923A30}.Release|Any CPU.ActiveCfg = Release|Any CPU
		{D6CCD826-BC1D-4415-9DAB-EF7EBC923A30}.Release|Any CPU.Build.0 = Release|Any CPU
		{D6CCD826-BC1D-4415-9DAB-EF7EBC923A30}.Release|Any CPU.Deploy.0 = Release|Any CPU
		{BAE1EB18-4A98-463E-8D30-F6743ED290F0}.Debug|Any CPU.ActiveCfg = Debug|Any CPU
		{BAE1EB18-4A98-463E-8D30-F6743ED290F0}.Debug|Any CPU.Build.0 = Debug|Any CPU
		{BAE1EB18-4A98-463E-8D30-F6743ED290F0}.Release|Any CPU.ActiveCfg = Release|Any CPU
		{BAE1EB18-4A98-463E-8D30-F6743ED290F0}.Release|Any CPU.Build.0 = Release|Any CPU
		{1EC2CAB4-4F43-4DCA-9D10-401283202935}.Debug|Any CPU.ActiveCfg = Debug|Any CPU
		{1EC2CAB4-4F43-4DCA-9D10-401283202935}.Debug|Any CPU.Build.0 = Debug|Any CPU
		{1EC2CAB4-4F43-4DCA-9D10-401283202935}.Debug|Any CPU.Deploy.0 = Debug|Any CPU
		{1EC2CAB4-4F43-4DCA-9D10-401283202935}.Release|Any CPU.ActiveCfg = Release|Any CPU
		{1EC2CAB4-4F43-4DCA-9D10-401283202935}.Release|Any CPU.Build.0 = Release|Any CPU
		{1EC2CAB4-4F43-4DCA-9D10-401283202935}.Release|Any CPU.Deploy.0 = Release|Any CPU
	EndGlobalSection
	GlobalSection(SolutionProperties) = preSolution
		HideSolutionNode = FALSE
	EndGlobalSection
	GlobalSection(ExtensibilityGlobals) = postSolution
		SolutionGuid = {8BAE7C9F-52A4-422C-8D47-4956F7735FFC}
	EndGlobalSection
EndGlobal
